
Microsoft Visual Studio Solution File, Format Version 12.00
# Visual Studio Version 17
VisualStudioVersion = 17.7.34031.279
MinimumVisualStudioVersion = 10.0.40219.1
Project("{9A19103F-16F7-4668-BE54-9A1E7A4F7556}") = "ProiectPSSC", "ProiectPSSC\ProiectPSSC.csproj", "{3144E0D8-76F8-409D-A8CC-4E8C8ADCA659}"
EndProject
Project("{9A19103F-16F7-4668-BE54-9A1E7A4F7556}") = "ProiectPSSC.Domain", "ProiectPSSC.Domain\ProiectPSSC.Domain.csproj", "{22022439-21E4-4AA9-9D9F-EF0B0E1827FA}"
EndProject
Project("{FAE04EC0-301F-11D3-BF4B-00C04F79EFBC}") = "ProiectPSSC.Data", "ProiectPSSC.Data\ProiectPSSC.Data.csproj", "{E8B4A800-AC51-40CA-8339-CD6F88F7D012}"
EndProject
Global
	GlobalSection(SolutionConfigurationPlatforms) = preSolution
		Debug|Any CPU = Debug|Any CPU
		Release|Any CPU = Release|Any CPU
	EndGlobalSection
	GlobalSection(ProjectConfigurationPlatforms) = postSolution
		{3144E0D8-76F8-409D-A8CC-4E8C8ADCA659}.Debug|Any CPU.ActiveCfg = Debug|Any CPU
		{3144E0D8-76F8-409D-A8CC-4E8C8ADCA659}.Debug|Any CPU.Build.0 = Debug|Any CPU
		{3144E0D8-76F8-409D-A8CC-4E8C8ADCA659}.Release|Any CPU.ActiveCfg = Release|Any CPU
		{3144E0D8-76F8-409D-A8CC-4E8C8ADCA659}.Release|Any CPU.Build.0 = Release|Any CPU
		{22022439-21E4-4AA9-9D9F-EF0B0E1827FA}.Debug|Any CPU.ActiveCfg = Debug|Any CPU
		{22022439-21E4-4AA9-9D9F-EF0B0E1827FA}.Debug|Any CPU.Build.0 = Debug|Any CPU
		{22022439-21E4-4AA9-9D9F-EF0B0E1827FA}.Release|Any CPU.ActiveCfg = Release|Any CPU
		{22022439-21E4-4AA9-9D9F-EF0B0E1827FA}.Release|Any CPU.Build.0 = Release|Any CPU
		{E8B4A800-AC51-40CA-8339-CD6F88F7D012}.Debug|Any CPU.ActiveCfg = Debug|Any CPU
		{E8B4A800-AC51-40CA-8339-CD6F88F7D012}.Debug|Any CPU.Build.0 = Debug|Any CPU
		{E8B4A800-AC51-40CA-8339-CD6F88F7D012}.Release|Any CPU.ActiveCfg = Release|Any CPU
		{E8B4A800-AC51-40CA-8339-CD6F88F7D012}.Release|Any CPU.Build.0 = Release|Any CPU
	EndGlobalSection
	GlobalSection(SolutionProperties) = preSolution
		HideSolutionNode = FALSE
	EndGlobalSection
	GlobalSection(ExtensibilityGlobals) = postSolution
		SolutionGuid = {E8E3284F-99F0-4290-A56D-D3DF34315873}
	EndGlobalSection
EndGlobal
